// !$*UTF8*$!
{
	archiveVersion = 1;
	classes = {
	};
	objectVersion = 46;
	objects = {

/* Begin PBXBuildFile section */
		0403F5921BB0E1E0003F3E40 /* main.m in Sources */ = {isa = PBXBuildFile; fileRef = 0403F5911BB0E1E0003F3E40 /* main.m */; };
		0403F5951BB0E1E0003F3E40 /* AppDelegate.m in Sources */ = {isa = PBXBuildFile; fileRef = 0403F5941BB0E1E0003F3E40 /* AppDelegate.m */; };
		0403F5981BB0E1E0003F3E40 /* ViewController.m in Sources */ = {isa = PBXBuildFile; fileRef = 0403F5971BB0E1E0003F3E40 /* ViewController.m */; };
		0403F59D1BB0E1E0003F3E40 /* Images.xcassets in Resources */ = {isa = PBXBuildFile; fileRef = 0403F59C1BB0E1E0003F3E40 /* Images.xcassets */; };
		0403F5AC1BB0E1E0003F3E40 /* FirstProjectInGitTests.m in Sources */ = {isa = PBXBuildFile; fileRef = 0403F5AB1BB0E1E0003F3E40 /* FirstProjectInGitTests.m */; };
		04D596B51BB3909F00216B7E /* referanceViewController.plist in Resources */ = {isa = PBXBuildFile; fileRef = 04D596B41BB3909F00216B7E /* referanceViewController.plist */; };
		04D596BB1BB3C7DF00216B7E /* CustomCollectionViewController.m in Sources */ = {isa = PBXBuildFile; fileRef = 04D596BA1BB3C7DF00216B7E /* CustomCollectionViewController.m */; };
		04D596C21BB3C82C00216B7E /* CustomCollectionCell.m in Sources */ = {isa = PBXBuildFile; fileRef = 04D596C11BB3C82C00216B7E /* CustomCollectionCell.m */; };
		04D596D81BB3CB9700216B7E /* collectionData.plist in Resources */ = {isa = PBXBuildFile; fileRef = 04D596D71BB3CB9700216B7E /* collectionData.plist */; };
		04D596DC1BB3DE0600216B7E /* AnimatViewController.m in Sources */ = {isa = PBXBuildFile; fileRef = 04D596DB1BB3DE0600216B7E /* AnimatViewController.m */; };
		04D596DF1BB3E00700216B7E /* BezierViewController.m in Sources */ = {isa = PBXBuildFile; fileRef = 04D596DE1BB3E00700216B7E /* BezierViewController.m */; };
		04D596E31BB3E05C00216B7E /* CoreGraphicsViewController.m in Sources */ = {isa = PBXBuildFile; fileRef = 04D596E21BB3E05C00216B7E /* CoreGraphicsViewController.m */; };
		04D596E71BB3E08000216B7E /* CoreImageViewController.m in Sources */ = {isa = PBXBuildFile; fileRef = 04D596E61BB3E08000216B7E /* CoreImageViewController.m */; };
/* End PBXBuildFile section */

/* Begin PBXContainerItemProxy section */
		0403F5A61BB0E1E0003F3E40 /* PBXContainerItemProxy */ = {
			isa = PBXContainerItemProxy;
			containerPortal = 0403F5841BB0E1E0003F3E40 /* Project object */;
			proxyType = 1;
			remoteGlobalIDString = 0403F58B1BB0E1E0003F3E40;
			remoteInfo = FirstProjectInGit;
		};
/* End PBXContainerItemProxy section */

/* Begin PBXFileReference section */
		0403F58C1BB0E1E0003F3E40 /* FirstProjectInGit.app */ = {isa = PBXFileReference; explicitFileType = wrapper.application; includeInIndex = 0; path = FirstProjectInGit.app; sourceTree = BUILT_PRODUCTS_DIR; };
		0403F5901BB0E1E0003F3E40 /* Info.plist */ = {isa = PBXFileReference; lastKnownFileType = text.plist.xml; path = Info.plist; sourceTree = "<group>"; };
		0403F5911BB0E1E0003F3E40 /* main.m */ = {isa = PBXFileReference; lastKnownFileType = sourcecode.c.objc; path = main.m; sourceTree = "<group>"; };
		0403F5931BB0E1E0003F3E40 /* AppDelegate.h */ = {isa = PBXFileReference; lastKnownFileType = sourcecode.c.h; path = AppDelegate.h; sourceTree = "<group>"; };
		0403F5941BB0E1E0003F3E40 /* AppDelegate.m */ = {isa = PBXFileReference; lastKnownFileType = sourcecode.c.objc; path = AppDelegate.m; sourceTree = "<group>"; };
		0403F5961BB0E1E0003F3E40 /* ViewController.h */ = {isa = PBXFileReference; lastKnownFileType = sourcecode.c.h; path = ViewController.h; sourceTree = "<group>"; };
		0403F5971BB0E1E0003F3E40 /* ViewController.m */ = {isa = PBXFileReference; lastKnownFileType = sourcecode.c.objc; path = ViewController.m; sourceTree = "<group>"; };
		0403F59C1BB0E1E0003F3E40 /* Images.xcassets */ = {isa = PBXFileReference; lastKnownFileType = folder.assetcatalog; path = Images.xcassets; sourceTree = "<group>"; };
		0403F5A51BB0E1E0003F3E40 /* FirstProjectInGitTests.xctest */ = {isa = PBXFileReference; explicitFileType = wrapper.cfbundle; includeInIndex = 0; path = FirstProjectInGitTests.xctest; sourceTree = BUILT_PRODUCTS_DIR; };
		0403F5AA1BB0E1E0003F3E40 /* Info.plist */ = {isa = PBXFileReference; lastKnownFileType = text.plist.xml; path = Info.plist; sourceTree = "<group>"; };
		0403F5AB1BB0E1E0003F3E40 /* FirstProjectInGitTests.m */ = {isa = PBXFileReference; lastKnownFileType = sourcecode.c.objc; path = FirstProjectInGitTests.m; sourceTree = "<group>"; };
		04D596B41BB3909F00216B7E /* referanceViewController.plist */ = {isa = PBXFileReference; fileEncoding = 4; lastKnownFileType = text.plist.xml; path = referanceViewController.plist; sourceTree = "<group>"; };
		04D596B91BB3C7DF00216B7E /* CustomCollectionViewController.h */ = {isa = PBXFileReference; fileEncoding = 4; lastKnownFileType = sourcecode.c.h; name = CustomCollectionViewController.h; path = CustomCollection/CustomCollectionViewController.h; sourceTree = "<group>"; };
		04D596BA1BB3C7DF00216B7E /* CustomCollectionViewController.m */ = {isa = PBXFileReference; fileEncoding = 4; lastKnownFileType = sourcecode.c.objc; name = CustomCollectionViewController.m; path = CustomCollection/CustomCollectionViewController.m; sourceTree = "<group>"; };
		04D596C01BB3C82C00216B7E /* CustomCollectionCell.h */ = {isa = PBXFileReference; fileEncoding = 4; lastKnownFileType = sourcecode.c.h; name = CustomCollectionCell.h; path = CustomCollection/CustomCollectionCell.h; sourceTree = "<group>"; };
		04D596C11BB3C82C00216B7E /* CustomCollectionCell.m */ = {isa = PBXFileReference; fileEncoding = 4; lastKnownFileType = sourcecode.c.objc; name = CustomCollectionCell.m; path = CustomCollection/CustomCollectionCell.m; sourceTree = "<group>"; };
		04D596D71BB3CB9700216B7E /* collectionData.plist */ = {isa = PBXFileReference; fileEncoding = 4; lastKnownFileType = text.plist.xml; name = collectionData.plist; path = CustomCollection/collectionData.plist; sourceTree = "<group>"; };
		04D596DA1BB3DE0600216B7E /* AnimatViewController.h */ = {isa = PBXFileReference; fileEncoding = 4; lastKnownFileType = sourcecode.c.h; name = AnimatViewController.h; path = CABasicAnimation/AnimatViewController.h; sourceTree = "<group>"; };
		04D596DB1BB3DE0600216B7E /* AnimatViewController.m */ = {isa = PBXFileReference; fileEncoding = 4; lastKnownFileType = sourcecode.c.objc; name = AnimatViewController.m; path = CABasicAnimation/AnimatViewController.m; sourceTree = "<group>"; };
		04D596DD1BB3E00700216B7E /* BezierViewController.h */ = {isa = PBXFileReference; fileEncoding = 4; lastKnownFileType = sourcecode.c.h; name = BezierViewController.h; path = Bezier/BezierViewController.h; sourceTree = "<group>"; };
		04D596DE1BB3E00700216B7E /* BezierViewController.m */ = {isa = PBXFileReference; fileEncoding = 4; lastKnownFileType = sourcecode.c.objc; name = BezierViewController.m; path = Bezier/BezierViewController.m; sourceTree = "<group>"; };
		04D596E11BB3E05C00216B7E /* CoreGraphicsViewController.h */ = {isa = PBXFileReference; fileEncoding = 4; lastKnownFileType = sourcecode.c.h; name = CoreGraphicsViewController.h; path = CoreGraphic/CoreGraphicsViewController.h; sourceTree = "<group>"; };
		04D596E21BB3E05C00216B7E /* CoreGraphicsViewController.m */ = {isa = PBXFileReference; fileEncoding = 4; lastKnownFileType = sourcecode.c.objc; name = CoreGraphicsViewController.m; path = CoreGraphic/CoreGraphicsViewController.m; sourceTree = "<group>"; };
		04D596E51BB3E08000216B7E /* CoreImageViewController.h */ = {isa = PBXFileReference; fileEncoding = 4; lastKnownFileType = sourcecode.c.h; name = CoreImageViewController.h; path = CoreImage/CoreImageViewController.h; sourceTree = "<group>"; };
		04D596E61BB3E08000216B7E /* CoreImageViewController.m */ = {isa = PBXFileReference; fileEncoding = 4; lastKnownFileType = sourcecode.c.objc; name = CoreImageViewController.m; path = CoreImage/CoreImageViewController.m; sourceTree = "<group>"; };
/* End PBXFileReference section */

/* Begin PBXFrameworksBuildPhase section */
		0403F5891BB0E1E0003F3E40 /* Frameworks */ = {
			isa = PBXFrameworksBuildPhase;
			buildActionMask = 2147483647;
			files = (
			);
			runOnlyForDeploymentPostprocessing = 0;
		};
		0403F5A21BB0E1E0003F3E40 /* Frameworks */ = {
			isa = PBXFrameworksBuildPhase;
			buildActionMask = 2147483647;
			files = (
			);
			runOnlyForDeploymentPostprocessing = 0;
		};
/* End PBXFrameworksBuildPhase section */

/* Begin PBXGroup section */
		0403F5831BB0E1E0003F3E40 = {
			isa = PBXGroup;
			children = (
				0403F58E1BB0E1E0003F3E40 /* FirstProjectInGit */,
				0403F5A81BB0E1E0003F3E40 /* FirstProjectInGitTests */,
				0403F58D1BB0E1E0003F3E40 /* Products */,
			);
			sourceTree = "<group>";
		};
		0403F58D1BB0E1E0003F3E40 /* Products */ = {
			isa = PBXGroup;
			children = (
				0403F58C1BB0E1E0003F3E40 /* FirstProjectInGit.app */,
				0403F5A51BB0E1E0003F3E40 /* FirstProjectInGitTests.xctest */,
			);
			name = Products;
			sourceTree = "<group>";
		};
		0403F58E1BB0E1E0003F3E40 /* FirstProjectInGit */ = {
			isa = PBXGroup;
			children = (
				0403F5931BB0E1E0003F3E40 /* AppDelegate.h */,
				0403F5941BB0E1E0003F3E40 /* AppDelegate.m */,
				0403F5961BB0E1E0003F3E40 /* ViewController.h */,
				0403F5971BB0E1E0003F3E40 /* ViewController.m */,
				04D596E81BB3E08500216B7E /* CoreImage */,
				04D596E41BB3E06000216B7E /* CoreGraphic */,
				04D596E01BB3E00C00216B7E /* Bezier */,
				04D596D91BB3DDD200216B7E /* CABasicAnimation */,
				04D596BC1BB3C7EF00216B7E /* CustomCollection */,
				0403F59C1BB0E1E0003F3E40 /* Images.xcassets */,
				0403F58F1BB0E1E0003F3E40 /* Supporting Files */,
			);
			path = FirstProjectInGit;
			sourceTree = "<group>";
		};
		0403F58F1BB0E1E0003F3E40 /* Supporting Files */ = {
			isa = PBXGroup;
			children = (
				0403F5901BB0E1E0003F3E40 /* Info.plist */,
				0403F5911BB0E1E0003F3E40 /* main.m */,
				04D596B41BB3909F00216B7E /* referanceViewController.plist */,
				04D596D71BB3CB9700216B7E /* collectionData.plist */,
			);
			name = "Supporting Files";
			sourceTree = "<group>";
		};
		0403F5A81BB0E1E0003F3E40 /* FirstProjectInGitTests */ = {
			isa = PBXGroup;
			children = (
				0403F5AB1BB0E1E0003F3E40 /* FirstProjectInGitTests.m */,
				0403F5A91BB0E1E0003F3E40 /* Supporting Files */,
			);
			path = FirstProjectInGitTests;
			sourceTree = "<group>";
		};
		0403F5A91BB0E1E0003F3E40 /* Supporting Files */ = {
			isa = PBXGroup;
			children = (
				0403F5AA1BB0E1E0003F3E40 /* Info.plist */,
			);
			name = "Supporting Files";
			sourceTree = "<group>";
		};
		04D596BC1BB3C7EF00216B7E /* CustomCollection */ = {
			isa = PBXGroup;
			children = (
				04D596B91BB3C7DF00216B7E /* CustomCollectionViewController.h */,
				04D596BA1BB3C7DF00216B7E /* CustomCollectionViewController.m */,
				04D596C01BB3C82C00216B7E /* CustomCollectionCell.h */,
				04D596C11BB3C82C00216B7E /* CustomCollectionCell.m */,
			);
			name = CustomCollection;
			sourceTree = "<group>";
		};
		04D596D91BB3DDD200216B7E /* CABasicAnimation */ = {
			isa = PBXGroup;
			children = (
				04D596DA1BB3DE0600216B7E /* AnimatViewController.h */,
				04D596DB1BB3DE0600216B7E /* AnimatViewController.m */,
			);
			name = CABasicAnimation;
			sourceTree = "<group>";
		};
		04D596E01BB3E00C00216B7E /* Bezier */ = {
			isa = PBXGroup;
			children = (
				04D596DD1BB3E00700216B7E /* BezierViewController.h */,
				04D596DE1BB3E00700216B7E /* BezierViewController.m */,
			);
			name = Bezier;
			sourceTree = "<group>";
		};
		04D596E41BB3E06000216B7E /* CoreGraphic */ = {
			isa = PBXGroup;
			children = (
				04D596E11BB3E05C00216B7E /* CoreGraphicsViewController.h */,
				04D596E21BB3E05C00216B7E /* CoreGraphicsViewController.m */,
			);
			name = CoreGraphic;
			sourceTree = "<group>";
		};
		04D596E81BB3E08500216B7E /* CoreImage */ = {
			isa = PBXGroup;
			children = (
				04D596E51BB3E08000216B7E /* CoreImageViewController.h */,
				04D596E61BB3E08000216B7E /* CoreImageViewController.m */,
			);
			name = CoreImage;
			sourceTree = "<group>";
		};
/* End PBXGroup section */

/* Begin PBXNativeTarget section */
		0403F58B1BB0E1E0003F3E40 /* FirstProjectInGit */ = {
			isa = PBXNativeTarget;
			buildConfigurationList = 0403F5AF1BB0E1E0003F3E40 /* Build configuration list for PBXNativeTarget "FirstProjectInGit" */;
			buildPhases = (
				0403F5881BB0E1E0003F3E40 /* Sources */,
				0403F5891BB0E1E0003F3E40 /* Frameworks */,
				0403F58A1BB0E1E0003F3E40 /* Resources */,
			);
			buildRules = (
			);
			dependencies = (
			);
			name = FirstProjectInGit;
			productName = FirstProjectInGit;
			productReference = 0403F58C1BB0E1E0003F3E40 /* FirstProjectInGit.app */;
			productType = "com.apple.product-type.application";
		};
		0403F5A41BB0E1E0003F3E40 /* FirstProjectInGitTests */ = {
			isa = PBXNativeTarget;
			buildConfigurationList = 0403F5B21BB0E1E0003F3E40 /* Build configuration list for PBXNativeTarget "FirstProjectInGitTests" */;
			buildPhases = (
				0403F5A11BB0E1E0003F3E40 /* Sources */,
				0403F5A21BB0E1E0003F3E40 /* Frameworks */,
				0403F5A31BB0E1E0003F3E40 /* Resources */,
			);
			buildRules = (
			);
			dependencies = (
				0403F5A71BB0E1E0003F3E40 /* PBXTargetDependency */,
			);
			name = FirstProjectInGitTests;
			productName = FirstProjectInGitTests;
			productReference = 0403F5A51BB0E1E0003F3E40 /* FirstProjectInGitTests.xctest */;
			productType = "com.apple.product-type.bundle.unit-test";
		};
/* End PBXNativeTarget section */

/* Begin PBXProject section */
		0403F5841BB0E1E0003F3E40 /* Project object */ = {
			isa = PBXProject;
			attributes = {
				LastUpgradeCheck = 0640;
				ORGANIZATIONNAME = mac;
				TargetAttributes = {
					0403F58B1BB0E1E0003F3E40 = {
						CreatedOnToolsVersion = 6.4;
					};
					0403F5A41BB0E1E0003F3E40 = {
						CreatedOnToolsVersion = 6.4;
						TestTargetID = 0403F58B1BB0E1E0003F3E40;
					};
				};
			};
			buildConfigurationList = 0403F5871BB0E1E0003F3E40 /* Build configuration list for PBXProject "FirstProjectInGit" */;
			compatibilityVersion = "Xcode 3.2";
			developmentRegion = English;
			hasScannedForEncodings = 0;
			knownRegions = (
				en,
				Base,
			);
			mainGroup = 0403F5831BB0E1E0003F3E40;
			productRefGroup = 0403F58D1BB0E1E0003F3E40 /* Products */;
			projectDirPath = "";
			projectRoot = "";
			targets = (
				0403F58B1BB0E1E0003F3E40 /* FirstProjectInGit */,
				0403F5A41BB0E1E0003F3E40 /* FirstProjectInGitTests */,
			);
		};
/* End PBXProject section */

/* Begin PBXResourcesBuildPhase section */
		0403F58A1BB0E1E0003F3E40 /* Resources */ = {
			isa = PBXResourcesBuildPhase;
			buildActionMask = 2147483647;
			files = (
				0403F59D1BB0E1E0003F3E40 /* Images.xcassets in Resources */,
				04D596B51BB3909F00216B7E /* referanceViewController.plist in Resources */,
				04D596D81BB3CB9700216B7E /* collectionData.plist in Resources */,
			);
			runOnlyForDeploymentPostprocessing = 0;
		};
		0403F5A31BB0E1E0003F3E40 /* Resources */ = {
			isa = PBXResourcesBuildPhase;
			buildActionMask = 2147483647;
			files = (
			);
			runOnlyForDeploymentPostprocessing = 0;
		};
/* End PBXResourcesBuildPhase section */

/* Begin PBXSourcesBuildPhase section */
		0403F5881BB0E1E0003F3E40 /* Sources */ = {
			isa = PBXSourcesBuildPhase;
			buildActionMask = 2147483647;
			files = (
				04D596E71BB3E08000216B7E /* CoreImageViewController.m in Sources */,
				04D596E31BB3E05C00216B7E /* CoreGraphicsViewController.m in Sources */,
				04D596DC1BB3DE0600216B7E /* AnimatViewController.m in Sources */,
				0403F5981BB0E1E0003F3E40 /* ViewController.m in Sources */,
				04D596DF1BB3E00700216B7E /* BezierViewController.m in Sources */,
				0403F5951BB0E1E0003F3E40 /* AppDelegate.m in Sources */,
				04D596C21BB3C82C00216B7E /* CustomCollectionCell.m in Sources */,
				04D596BB1BB3C7DF00216B7E /* CustomCollectionViewController.m in Sources */,
				0403F5921BB0E1E0003F3E40 /* main.m in Sources */,
			);
			runOnlyForDeploymentPostprocessing = 0;
		};
		0403F5A11BB0E1E0003F3E40 /* Sources */ = {
			isa = PBXSourcesBuildPhase;
			buildActionMask = 2147483647;
			files = (
				0403F5AC1BB0E1E0003F3E40 /* FirstProjectInGitTests.m in Sources */,
			);
			runOnlyForDeploymentPostprocessing = 0;
		};
/* End PBXSourcesBuildPhase section */

/* Begin PBXTargetDependency section */
		0403F5A71BB0E1E0003F3E40 /* PBXTargetDependency */ = {
			isa = PBXTargetDependency;
			target = 0403F58B1BB0E1E0003F3E40 /* FirstProjectInGit */;
			targetProxy = 0403F5A61BB0E1E0003F3E40 /* PBXContainerItemProxy */;
		};
/* End PBXTargetDependency section */

/* Begin XCBuildConfiguration section */
		0403F5AD1BB0E1E0003F3E40 /* Debug */ = {
			isa = XCBuildConfiguration;
			buildSettings = {
				ALWAYS_SEARCH_USER_PATHS = NO;
				CLANG_CXX_LANGUAGE_STANDARD = "gnu++0x";
				CLANG_CXX_LIBRARY = "libc++";
				CLANG_ENABLE_MODULES = YES;
				CLANG_ENABLE_OBJC_ARC = YES;
				CLANG_WARN_BOOL_CONVERSION = YES;
				CLANG_WARN_CONSTANT_CONVERSION = YES;
				CLANG_WARN_DIRECT_OBJC_ISA_USAGE = YES_ERROR;
				CLANG_WARN_EMPTY_BODY = YES;
				CLANG_WARN_ENUM_CONVERSION = YES;
				CLANG_WARN_INT_CONVERSION = YES;
				CLANG_WARN_OBJC_ROOT_CLASS = YES_ERROR;
				CLANG_WARN_UNREACHABLE_CODE = YES;
				CLANG_WARN__DUPLICATE_METHOD_MATCH = YES;
				"CODE_SIGN_IDENTITY[sdk=iphoneos*]" = "iPhone Developer";
				COPY_PHASE_STRIP = NO;
				DEBUG_INFORMATION_FORMAT = "dwarf-with-dsym";
				ENABLE_STRICT_OBJC_MSGSEND = YES;
				GCC_C_LANGUAGE_STANDARD = gnu99;
				GCC_DYNAMIC_NO_PIC = NO;
				GCC_NO_COMMON_BLOCKS = YES;
				GCC_OPTIMIZATION_LEVEL = 0;
				GCC_PREPROCESSOR_DEFINITIONS = (
					"DEBUG=1",
					"$(inherited)",
				);
				GCC_SYMBOLS_PRIVATE_EXTERN = NO;
				GCC_WARN_64_TO_32_BIT_CONVERSION = YES;
				GCC_WARN_ABOUT_RETURN_TYPE = YES_ERROR;
				GCC_WARN_UNDECLARED_SELECTOR = YES;
				GCC_WARN_UNINITIALIZED_AUTOS = YES_AGGRESSIVE;
				GCC_WARN_UNUSED_FUNCTION = YES;
				GCC_WARN_UNUSED_VARIABLE = YES;
				IPHONEOS_DEPLOYMENT_TARGET = 8.4;
				MTL_ENABLE_DEBUG_INFO = YES;
				ONLY_ACTIVE_ARCH = YES;
				SDKROOT = iphoneos;
			};
			name = Debug;
		};
		0403F5AE1BB0E1E0003F3E40 /* Release */ = {
			isa = XCBuildConfiguration;
			buildSettings = {
				ALWAYS_SEARCH_USER_PATHS = NO;
				CLANG_CXX_LANGUAGE_STANDARD = "gnu++0x";
				CLANG_CXX_LIBRARY = "libc++";
				CLANG_ENABLE_MODULES = YES;
				CLANG_ENABLE_OBJC_ARC = YES;
				CLANG_WARN_BOOL_CONVERSION = YES;
				CLANG_WARN_CONSTANT_CONVERSION = YES;
				CLANG_WARN_DIRECT_OBJC_ISA_USAGE = YES_ERROR;
				CLANG_WARN_EMPTY_BODY = YES;
				CLANG_WARN_ENUM_CONVERSION = YES;
				CLANG_WARN_INT_CONVERSION = YES;
				CLANG_WARN_OBJC_ROOT_CLASS = YES_ERROR;
				CLANG_WARN_UNREACHABLE_CODE = YES;
				CLANG_WARN__DUPLICATE_METHOD_MATCH = YES;
				"CODE_SIGN_IDENTITY[sdk=iphoneos*]" = "iPhone Developer";
				COPY_PHASE_STRIP = NO;
				DEBUG_INFORMATION_FORMAT = "dwarf-with-dsym";
				ENABLE_NS_ASSERTIONS = NO;
				ENABLE_STRICT_OBJC_MSGSEND = YES;
				GCC_C_LANGUAGE_STANDARD = gnu99;
				GCC_NO_COMMON_BLOCKS = YES;
				GCC_WARN_64_TO_32_BIT_CONVERSION = YES;
				GCC_WARN_ABOUT_RETURN_TYPE = YES_ERROR;
				GCC_WARN_UNDECLARED_SELECTOR = YES;
				GCC_WARN_UNINITIALIZED_AUTOS = YES_AGGRESSIVE;
				GCC_WARN_UNUSED_FUNCTION = YES;
				GCC_WARN_UNUSED_VARIABLE = YES;
				IPHONEOS_DEPLOYMENT_TARGET = 8.4;
				MTL_ENABLE_DEBUG_INFO = NO;
				SDKROOT = iphoneos;
				VALIDATE_PRODUCT = YES;
			};
			name = Release;
		};
		0403F5B01BB0E1E0003F3E40 /* Debug */ = {
			isa = XCBuildConfiguration;
			buildSettings = {
				ASSETCATALOG_COMPILER_APPICON_NAME = AppIcon;
				ASSETCATALOG_COMPILER_LAUNCHIMAGE_NAME = LaunchImage;
				INFOPLIST_FILE = FirstProjectInGit/Info.plist;
				LD_RUNPATH_SEARCH_PATHS = "$(inherited) @executable_path/Frameworks";
				PRODUCT_NAME = "$(TARGET_NAME)";
			};
			name = Debug;
		};
		0403F5B11BB0E1E0003F3E40 /* Release */ = {
			isa = XCBuildConfiguration;
			buildSettings = {
				ASSETCATALOG_COMPILER_APPICON_NAME = AppIcon;
				ASSETCATALOG_COMPILER_LAUNCHIMAGE_NAME = LaunchImage;
				INFOPLIST_FILE = FirstProjectInGit/Info.plist;
				LD_RUNPATH_SEARCH_PATHS = "$(inherited) @executable_path/Frameworks";
				PRODUCT_NAME = "$(TARGET_NAME)";
			};
			name = Release;
		};
		0403F5B31BB0E1E0003F3E40 /* Debug */ = {
			isa = XCBuildConfiguration;
			buildSettings = {
				BUNDLE_LOADER = "$(TEST_HOST)";
				FRAMEWORK_SEARCH_PATHS = (
					"$(SDKROOT)/Developer/Library/Frameworks",
					"$(inherited)",
				);
				GCC_PREPROCESSOR_DEFINITIONS = (
					"DEBUG=1",
					"$(inherited)",
				);
				INFOPLIST_FILE = FirstProjectInGitTests/Info.plist;
				LD_RUNPATH_SEARCH_PATHS = "$(inherited) @executable_path/Frameworks @loader_path/Frameworks";
				PRODUCT_NAME = "$(TARGET_NAME)";
				TEST_HOST = "$(BUILT_PRODUCTS_DIR)/FirstProjectInGit.app/FirstProjectInGit";
			};
			name = Debug;
		};
		0403F5B41BB0E1E0003F3E40 /* Release */ = {
			isa = XCBuildConfiguration;
			buildSettings = {
				BUNDLE_LOADER = "$(TEST_HOST)";
				FRAMEWORK_SEARCH_PATHS = (
					"$(SDKROOT)/Developer/Library/Frameworks",
					"$(inherited)",
				);
				INFOPLIST_FILE = FirstProjectInGitTests/Info.plist;
				LD_RUNPATH_SEARCH_PATHS = "$(inherited) @executable_path/Frameworks @loader_path/Frameworks";
				PRODUCT_NAME = "$(TARGET_NAME)";
				TEST_HOST = "$(BUILT_PRODUCTS_DIR)/FirstProjectInGit.app/FirstProjectInGit";
			};
			name = Release;
		};
/* End XCBuildConfiguration section */

/* Begin XCConfigurationList section */
		0403F5871BB0E1E0003F3E40 /* Build configuration list for PBXProject "FirstProjectInGit" */ = {
			isa = XCConfigurationList;
			buildConfigurations = (
				0403F5AD1BB0E1E0003F3E40 /* Debug */,
				0403F5AE1BB0E1E0003F3E40 /* Release */,
			);
			defaultConfigurationIsVisible = 0;
			defaultConfigurationName = Release;
		};
		0403F5AF1BB0E1E0003F3E40 /* Build configuration list for PBXNativeTarget "FirstProjectInGit" */ = {
			isa = XCConfigurationList;
			buildConfigurations = (
				0403F5B01BB0E1E0003F3E40 /* Debug */,
				0403F5B11BB0E1E0003F3E40 /* Release */,
			);
			defaultConfigurationIsVisible = 0;
			defaultConfigurationName = Release;
		};
		0403F5B21BB0E1E0003F3E40 /* Build configuration list for PBXNativeTarget "FirstProjectInGitTests" */ = {
			isa = XCConfigurationList;
			buildConfigurations = (
				0403F5B31BB0E1E0003F3E40 /* Debug */,
				0403F5B41BB0E1E0003F3E40 /* Release */,
			);
			defaultConfigurationIsVisible = 0;
			defaultConfigurationName = Release;
		};
/* End XCConfigurationList section */
	};
	rootObject = 0403F5841BB0E1E0003F3E40 /* Project object */;
}
